
Microsoft Visual Studio Solution File, Format Version 12.00
# Visual Studio Version 17
VisualStudioVersion = 17.3.32922.545
MinimumVisualStudioVersion = 10.0.40219.1
Project("{9A19103F-16F7-4668-BE54-9A1E7A4F7556}") = "ChainOfResponsibility", "ChainOfResponsibility.csproj", "{0E8B8A2D-21E2-4D46-9DCF-7B77691BD60F}"
EndProject
Global
	GlobalSection(SolutionConfigurationPlatforms) = preSolution
		Debug|Any CPU = Debug|Any CPU
		Release|Any CPU = Release|Any CPU
	EndGlobalSection
	GlobalSection(ProjectConfigurationPlatforms) = postSolution
		{0E8B8A2D-21E2-4D46-9DCF-7B77691BD60F}.Debug|Any CPU.ActiveCfg = Debug|Any CPU
		{0E8B8A2D-21E2-4D46-9DCF-7B77691BD60F}.Debug|Any CPU.Build.0 = Debug|Any CPU
		{0E8B8A2D-21E2-4D46-9DCF-7B77691BD60F}.Release|Any CPU.ActiveCfg = Release|Any CPU
		{0E8B8A2D-21E2-4D46-9DCF-7B77691BD60F}.Release|Any CPU.Build.0 = Release|Any CPU
	EndGlobalSection
	GlobalSection(SolutionProperties) = preSolution
		HideSolutionNode = FALSE
	EndGlobalSection
	GlobalSection(ExtensibilityGlobals) = postSolution
		SolutionGuid = {A1ACB71B-6648-464F-8F54-B8A9F9BAE369}
	EndGlobalSection
EndGlobal
